
Microsoft Visual Studio Solution File, Format Version 12.00
# Visual Studio Version 16
VisualStudioVersion = 16.0.29411.108
MinimumVisualStudioVersion = 10.0.40219.1
Project("{9A19103F-16F7-4668-BE54-9A1E7A4F7556}") = "GradeBook1", "GradeBook1\GradeBook1.csproj", "{DFF4B46B-1A14-4CB7-AC86-69FCCE39F21E}"
EndProject
Project("{FAE04EC0-301F-11D3-BF4B-00C04F79EFBC}") = "GradeBook.Tests", "GradeBook.Tests\GradeBook.Tests.csproj", "{12751D09-46C2-4182-9535-26D93D62E322}"
EndProject
Global
	GlobalSection(SolutionConfigurationPlatforms) = preSolution
		Debug|Any CPU = Debug|Any CPU
		Release|Any CPU = Release|Any CPU
	EndGlobalSection
	GlobalSection(ProjectConfigurationPlatforms) = postSolution
		{DFF4B46B-1A14-4CB7-AC86-69FCCE39F21E}.Debug|Any CPU.ActiveCfg = Debug|Any CPU
		{DFF4B46B-1A14-4CB7-AC86-69FCCE39F21E}.Debug|Any CPU.Build.0 = Debug|Any CPU
		{DFF4B46B-1A14-4CB7-AC86-69FCCE39F21E}.Release|Any CPU.ActiveCfg = Release|Any CPU
		{DFF4B46B-1A14-4CB7-AC86-69FCCE39F21E}.Release|Any CPU.Build.0 = Release|Any CPU
		{12751D09-46C2-4182-9535-26D93D62E322}.Debug|Any CPU.ActiveCfg = Debug|Any CPU
		{12751D09-46C2-4182-9535-26D93D62E322}.Debug|Any CPU.Build.0 = Debug|Any CPU
		{12751D09-46C2-4182-9535-26D93D62E322}.Release|Any CPU.ActiveCfg = Release|Any CPU
		{12751D09-46C2-4182-9535-26D93D62E322}.Release|Any CPU.Build.0 = Release|Any CPU
	EndGlobalSection
	GlobalSection(SolutionProperties) = preSolution
		HideSolutionNode = FALSE
	EndGlobalSection
	GlobalSection(ExtensibilityGlobals) = postSolution
		SolutionGuid = {C290E5D2-4FEC-4C96-8026-819E7A4DAA94}
	EndGlobalSection
EndGlobal
